
Microsoft Visual Studio Solution File, Format Version 12.00
# Visual Studio 2013
VisualStudioVersion = 12.0.31101.0
MinimumVisualStudioVersion = 10.0.40219.1
Project("{FAE04EC0-301F-11D3-BF4B-00C04F79EFBC}") = "WC", "WC\WC.csproj", "{52D07BB9-09DD-4A5D-BEB7-019CA77C8C4D}"
EndProject
Project("{FAE04EC0-301F-11D3-BF4B-00C04F79EFBC}") = "WcTest", "WcTest\WcTest.csproj", "{23DB9A31-D773-485B-A68A-86EA23D9AD09}"
EndProject
Global
	GlobalSection(SolutionConfigurationPlatforms) = preSolution
		Debug|Any CPU = Debug|Any CPU
		Release|Any CPU = Release|Any CPU
	EndGlobalSection
	GlobalSection(ProjectConfigurationPlatforms) = postSolution
		{52D07BB9-09DD-4A5D-BEB7-019CA77C8C4D}.Debug|Any CPU.ActiveCfg = Debug|Any CPU
		{52D07BB9-09DD-4A5D-BEB7-019CA77C8C4D}.Debug|Any CPU.Build.0 = Debug|Any CPU
		{52D07BB9-09DD-4A5D-BEB7-019CA77C8C4D}.Release|Any CPU.ActiveCfg = Release|Any CPU
		{52D07BB9-09DD-4A5D-BEB7-019CA77C8C4D}.Release|Any CPU.Build.0 = Release|Any CPU
		{23DB9A31-D773-485B-A68A-86EA23D9AD09}.Debug|Any CPU.ActiveCfg = Debug|Any CPU
		{23DB9A31-D773-485B-A68A-86EA23D9AD09}.Debug|Any CPU.Build.0 = Debug|Any CPU
		{23DB9A31-D773-485B-A68A-86EA23D9AD09}.Release|Any CPU.ActiveCfg = Release|Any CPU
		{23DB9A31-D773-485B-A68A-86EA23D9AD09}.Release|Any CPU.Build.0 = Release|Any CPU
	EndGlobalSection
	GlobalSection(SolutionProperties) = preSolution
		HideSolutionNode = FALSE
	EndGlobalSection
EndGlobal
